// !$*UTF8*$!
{
	archiveVersion = 1;
	classes = {
	};
	objectVersion = 46;
	objects = {

/* Begin PBXBuildFile section */
		1B16F414859C8F5F52455B8C /* Pods_ZwitterApp.framework in Frameworks */ = {isa = PBXBuildFile; fileRef = 9827B26C1B9B51F31A0DF8C5 /* Pods_ZwitterApp.framework */; };
		20452A3A1F5BB8DB0006AD78 /* AppDelegate.swift in Sources */ = {isa = PBXBuildFile; fileRef = 20452A391F5BB8DB0006AD78 /* AppDelegate.swift */; };
		20452A3C1F5BB8DB0006AD78 /* ViewController.swift in Sources */ = {isa = PBXBuildFile; fileRef = 20452A3B1F5BB8DB0006AD78 /* ViewController.swift */; };
		20452A3F1F5BB8DB0006AD78 /* Main.storyboard in Resources */ = {isa = PBXBuildFile; fileRef = 20452A3D1F5BB8DB0006AD78 /* Main.storyboard */; };
		20452A421F5BB8DB0006AD78 /* ZwitterApp.xcdatamodeld in Sources */ = {isa = PBXBuildFile; fileRef = 20452A401F5BB8DB0006AD78 /* ZwitterApp.xcdatamodeld */; };
		20452A441F5BB8DB0006AD78 /* Assets.xcassets in Resources */ = {isa = PBXBuildFile; fileRef = 20452A431F5BB8DB0006AD78 /* Assets.xcassets */; };
		20452A471F5BB8DB0006AD78 /* LaunchScreen.storyboard in Resources */ = {isa = PBXBuildFile; fileRef = 20452A451F5BB8DB0006AD78 /* LaunchScreen.storyboard */; };
		2079023D1F5BBBE200DB4D1E /* GoogleService-Info.plist in Resources */ = {isa = PBXBuildFile; fileRef = 2079023C1F5BBBE200DB4D1E /* GoogleService-Info.plist */; };
/* End PBXBuildFile section */

/* Begin PBXFileReference section */
		1C214E00CCB04DF8F3557553 /* Pods-ZwitterApp.debug.xcconfig */ = {isa = PBXFileReference; includeInIndex = 1; lastKnownFileType = text.xcconfig; name = "Pods-ZwitterApp.debug.xcconfig"; path = "Pods/Target Support Files/Pods-ZwitterApp/Pods-ZwitterApp.debug.xcconfig"; sourceTree = "<group>"; };
		20452A361F5BB8DB0006AD78 /* ZwitterApp.app */ = {isa = PBXFileReference; explicitFileType = wrapper.application; includeInIndex = 0; path = ZwitterApp.app; sourceTree = BUILT_PRODUCTS_DIR; };
		20452A391F5BB8DB0006AD78 /* AppDelegate.swift */ = {isa = PBXFileReference; lastKnownFileType = sourcecode.swift; path = AppDelegate.swift; sourceTree = "<group>"; };
		20452A3B1F5BB8DB0006AD78 /* ViewController.swift */ = {isa = PBXFileReference; lastKnownFileType = sourcecode.swift; path = ViewController.swift; sourceTree = "<group>"; };
		20452A3E1F5BB8DB0006AD78 /* Base */ = {isa = PBXFileReference; lastKnownFileType = file.storyboard; name = Base; path = Base.lproj/Main.storyboard; sourceTree = "<group>"; };
		20452A411F5BB8DB0006AD78 /* ZwitterApp.xcdatamodel */ = {isa = PBXFileReference; lastKnownFileType = wrapper.xcdatamodel; path = ZwitterApp.xcdatamodel; sourceTree = "<group>"; };
		20452A431F5BB8DB0006AD78 /* Assets.xcassets */ = {isa = PBXFileReference; lastKnownFileType = folder.assetcatalog; path = Assets.xcassets; sourceTree = "<group>"; };
		20452A461F5BB8DB0006AD78 /* Base */ = {isa = PBXFileReference; lastKnownFileType = file.storyboard; name = Base; path = Base.lproj/LaunchScreen.storyboard; sourceTree = "<group>"; };
		20452A481F5BB8DB0006AD78 /* Info.plist */ = {isa = PBXFileReference; lastKnownFileType = text.plist.xml; path = Info.plist; sourceTree = "<group>"; };
		2079023C1F5BBBE200DB4D1E /* GoogleService-Info.plist */ = {isa = PBXFileReference; fileEncoding = 4; lastKnownFileType = text.plist.xml; path = "GoogleService-Info.plist"; sourceTree = "<group>"; };
		9827B26C1B9B51F31A0DF8C5 /* Pods_ZwitterApp.framework */ = {isa = PBXFileReference; explicitFileType = wrapper.framework; includeInIndex = 0; path = Pods_ZwitterApp.framework; sourceTree = BUILT_PRODUCTS_DIR; };
		A9539BC9A1F74C05920CF115 /* Pods-ZwitterApp.release.xcconfig */ = {isa = PBXFileReference; includeInIndex = 1; lastKnownFileType = text.xcconfig; name = "Pods-ZwitterApp.release.xcconfig"; path = "Pods/Target Support Files/Pods-ZwitterApp/Pods-ZwitterApp.release.xcconfig"; sourceTree = "<group>"; };
/* End PBXFileReference section */

/* Begin PBXFrameworksBuildPhase section */
		20452A331F5BB8DB0006AD78 /* Frameworks */ = {
			isa = PBXFrameworksBuildPhase;
			buildActionMask = 2147483647;
			files = (
				1B16F414859C8F5F52455B8C /* Pods_ZwitterApp.framework in Frameworks */,
			);
			runOnlyForDeploymentPostprocessing = 0;
		};
/* End PBXFrameworksBuildPhase section */

/* Begin PBXGroup section */
		20452A2D1F5BB8DB0006AD78 = {
			isa = PBXGroup;
			children = (
				20452A381F5BB8DB0006AD78 /* ZwitterApp */,
				20452A371F5BB8DB0006AD78 /* Products */,
				D6D8856328C99E42CCFF48CC /* Pods */,
				72BCBDD98CF8A20AAB03C23F /* Frameworks */,
			);
			sourceTree = "<group>";
		};
		20452A371F5BB8DB0006AD78 /* Products */ = {
			isa = PBXGroup;
			children = (
				20452A361F5BB8DB0006AD78 /* ZwitterApp.app */,
			);
			name = Products;
			sourceTree = "<group>";
		};
		20452A381F5BB8DB0006AD78 /* ZwitterApp */ = {
			isa = PBXGroup;
			children = (
				20452A391F5BB8DB0006AD78 /* AppDelegate.swift */,
				20452A3B1F5BB8DB0006AD78 /* ViewController.swift */,
				20452A3D1F5BB8DB0006AD78 /* Main.storyboard */,
				20452A431F5BB8DB0006AD78 /* Assets.xcassets */,
				20452A451F5BB8DB0006AD78 /* LaunchScreen.storyboard */,
				20452A481F5BB8DB0006AD78 /* Info.plist */,
				20452A401F5BB8DB0006AD78 /* ZwitterApp.xcdatamodeld */,
				2079023C1F5BBBE200DB4D1E /* GoogleService-Info.plist */,
			);
			path = ZwitterApp;
			sourceTree = "<group>";
		};
		72BCBDD98CF8A20AAB03C23F /* Frameworks */ = {
			isa = PBXGroup;
			children = (
				9827B26C1B9B51F31A0DF8C5 /* Pods_ZwitterApp.framework */,
			);
			name = Frameworks;
			sourceTree = "<group>";
		};
		D6D8856328C99E42CCFF48CC /* Pods */ = {
			isa = PBXGroup;
			children = (
				1C214E00CCB04DF8F3557553 /* Pods-ZwitterApp.debug.xcconfig */,
				A9539BC9A1F74C05920CF115 /* Pods-ZwitterApp.release.xcconfig */,
			);
			name = Pods;
			sourceTree = "<group>";
		};
/* End PBXGroup section */

/* Begin PBXNativeTarget section */
		20452A351F5BB8DB0006AD78 /* ZwitterApp */ = {
			isa = PBXNativeTarget;
			buildConfigurationList = 20452A4B1F5BB8DB0006AD78 /* Build configuration list for PBXNativeTarget "ZwitterApp" */;
			buildPhases = (
				F2D0C7D7CD386D0EB43ADA88 /* [CP] Check Pods Manifest.lock */,
				20452A321F5BB8DB0006AD78 /* Sources */,
				20452A331F5BB8DB0006AD78 /* Frameworks */,
				20452A341F5BB8DB0006AD78 /* Resources */,
				3C9F7ABA0453DC7821DF77A7 /* [CP] Embed Pods Frameworks */,
				6DE8E66F4520F4DAEDB86F56 /* [CP] Copy Pods Resources */,
			);
			buildRules = (
			);
			dependencies = (
			);
			name = ZwitterApp;
			productName = ZwitterApp;
			productReference = 20452A361F5BB8DB0006AD78 /* ZwitterApp.app */;
			productType = "com.apple.product-type.application";
		};
/* End PBXNativeTarget section */

/* Begin PBXProject section */
		20452A2E1F5BB8DB0006AD78 /* Project object */ = {
			isa = PBXProject;
			attributes = {
				LastSwiftUpdateCheck = 0830;
				LastUpgradeCheck = 0830;
				ORGANIZATIONNAME = "Muhammed Esad Kaya";
				TargetAttributes = {
					20452A351F5BB8DB0006AD78 = {
						CreatedOnToolsVersion = 8.3.3;
						ProvisioningStyle = Automatic;
					};
				};
			};
			buildConfigurationList = 20452A311F5BB8DB0006AD78 /* Build configuration list for PBXProject "ZwitterApp" */;
			compatibilityVersion = "Xcode 3.2";
			developmentRegion = English;
			hasScannedForEncodings = 0;
			knownRegions = (
				en,
				Base,
			);
			mainGroup = 20452A2D1F5BB8DB0006AD78;
			productRefGroup = 20452A371F5BB8DB0006AD78 /* Products */;
			projectDirPath = "";
			projectRoot = "";
			targets = (
				20452A351F5BB8DB0006AD78 /* ZwitterApp */,
			);
		};
/* End PBXProject section */

/* Begin PBXResourcesBuildPhase section */
		20452A341F5BB8DB0006AD78 /* Resources */ = {
			isa = PBXResourcesBuildPhase;
			buildActionMask = 2147483647;
			files = (
				20452A471F5BB8DB0006AD78 /* LaunchScreen.storyboard in Resources */,
				2079023D1F5BBBE200DB4D1E /* GoogleService-Info.plist in Resources */,
				20452A441F5BB8DB0006AD78 /* Assets.xcassets in Resources */,
				20452A3F1F5BB8DB0006AD78 /* Main.storyboard in Resources */,
			);
			runOnlyForDeploymentPostprocessing = 0;
		};
/* End PBXResourcesBuildPhase section */

/* Begin PBXShellScriptBuildPhase section */
		3C9F7ABA0453DC7821DF77A7 /* [CP] Embed Pods Frameworks */ = {
			isa = PBXShellScriptBuildPhase;
			buildActionMask = 2147483647;
			files = (
			);
			inputPaths = (
				"${SRCROOT}/Pods/Target Support Files/Pods-ZwitterApp/Pods-ZwitterApp-frameworks.sh",
				"${BUILT_PRODUCTS_DIR}/Alamofire/Alamofire.framework",
				"${BUILT_PRODUCTS_DIR}/GTMSessionFetcher/GTMSessionFetcher.framework",
				"${BUILT_PRODUCTS_DIR}/GoogleToolboxForMac/GoogleToolboxForMac.framework",
				"${BUILT_PRODUCTS_DIR}/Protobuf/Protobuf.framework",
				"${BUILT_PRODUCTS_DIR}/SwiftyJSON/SwiftyJSON.framework",
				"${BUILT_PRODUCTS_DIR}/leveldb-library/leveldb.framework",
				"${BUILT_PRODUCTS_DIR}/nanopb/nanopb.framework",
			);
			name = "[CP] Embed Pods Frameworks";
			outputPaths = (
				"${TARGET_BUILD_DIR}/${FRAMEWORKS_FOLDER_PATH}/Alamofire.framework",
				"${TARGET_BUILD_DIR}/${FRAMEWORKS_FOLDER_PATH}/GTMSessionFetcher.framework",
				"${TARGET_BUILD_DIR}/${FRAMEWORKS_FOLDER_PATH}/GoogleToolboxForMac.framework",
				"${TARGET_BUILD_DIR}/${FRAMEWORKS_FOLDER_PATH}/Protobuf.framework",
				"${TARGET_BUILD_DIR}/${FRAMEWORKS_FOLDER_PATH}/SwiftyJSON.framework",
				"${TARGET_BUILD_DIR}/${FRAMEWORKS_FOLDER_PATH}/leveldb.framework",
				"${TARGET_BUILD_DIR}/${FRAMEWORKS_FOLDER_PATH}/nanopb.framework",
			);
			runOnlyForDeploymentPostprocessing = 0;
			shellPath = /bin/sh;
			shellScript = "\"${SRCROOT}/Pods/Target Support Files/Pods-ZwitterApp/Pods-ZwitterApp-frameworks.sh\"\n";
			showEnvVarsInLog = 0;
		};
		6DE8E66F4520F4DAEDB86F56 /* [CP] Copy Pods Resources */ = {
			isa = PBXShellScriptBuildPhase;
			buildActionMask = 2147483647;
			files = (
			);
			inputPaths = (
			);
			name = "[CP] Copy Pods Resources";
			outputPaths = (
			);
			runOnlyForDeploymentPostprocessing = 0;
			shellPath = /bin/sh;
			shellScript = "\"${SRCROOT}/Pods/Target Support Files/Pods-ZwitterApp/Pods-ZwitterApp-resources.sh\"\n";
			showEnvVarsInLog = 0;
		};
		F2D0C7D7CD386D0EB43ADA88 /* [CP] Check Pods Manifest.lock */ = {
			isa = PBXShellScriptBuildPhase;
			buildActionMask = 2147483647;
			files = (
			);
			inputPaths = (
				"${PODS_PODFILE_DIR_PATH}/Podfile.lock",
				"${PODS_ROOT}/Manifest.lock",
			);
			name = "[CP] Check Pods Manifest.lock";
			outputPaths = (
				"$(DERIVED_FILE_DIR)/Pods-ZwitterApp-checkManifestLockResult.txt",
			);
			runOnlyForDeploymentPostprocessing = 0;
			shellPath = /bin/sh;
			shellScript = "diff \"${PODS_PODFILE_DIR_PATH}/Podfile.lock\" \"${PODS_ROOT}/Manifest.lock\" > /dev/null\nif [ $? != 0 ] ; then\n    # print error to STDERR\n    echo \"error: The sandbox is not in sync with the Podfile.lock. Run 'pod install' or update your CocoaPods installation.\" >&2\n    exit 1\nfi\n# This output is used by Xcode 'outputs' to avoid re-running this script phase.\necho \"SUCCESS\" > \"${SCRIPT_OUTPUT_FILE_0}\"\n";
			showEnvVarsInLog = 0;
		};
/* End PBXShellScriptBuildPhase section */

/* Begin PBXSourcesBuildPhase section */
		20452A321F5BB8DB0006AD78 /* Sources */ = {
			isa = PBXSourcesBuildPhase;
			buildActionMask = 2147483647;
			files = (
				20452A3C1F5BB8DB0006AD78 /* ViewController.swift in Sources */,
				20452A421F5BB8DB0006AD78 /* ZwitterApp.xcdatamodeld in Sources */,
				20452A3A1F5BB8DB0006AD78 /* AppDelegate.swift in Sources */,
			);
			runOnlyForDeploymentPostprocessing = 0;
		};
/* End PBXSourcesBuildPhase section */

/* Begin PBXVariantGroup section */
		20452A3D1F5BB8DB0006AD78 /* Main.storyboard */ = {
			isa = PBXVariantGroup;
			children = (
				20452A3E1F5BB8DB0006AD78 /* Base */,
			);
			name = Main.storyboard;
			sourceTree = "<group>";
		};
		20452A451F5BB8DB0006AD78 /* LaunchScreen.storyboard */ = {
			isa = PBXVariantGroup;
			children = (
				20452A461F5BB8DB0006AD78 /* Base */,
			);
			name = LaunchScreen.storyboard;
			sourceTree = "<group>";
		};
/* End PBXVariantGroup section */

/* Begin XCBuildConfiguration section */
		20452A491F5BB8DB0006AD78 /* Debug */ = {
			isa = XCBuildConfiguration;
			buildSettings = {
				ALWAYS_SEARCH_USER_PATHS = NO;
				CLANG_ANALYZER_NONNULL = YES;
				CLANG_ANALYZER_NUMBER_OBJECT_CONVERSION = YES_AGGRESSIVE;
				CLANG_CXX_LANGUAGE_STANDARD = "gnu++0x";
				CLANG_CXX_LIBRARY = "libc++";
				CLANG_ENABLE_MODULES = YES;
				CLANG_ENABLE_OBJC_ARC = YES;
				CLANG_WARN_BOOL_CONVERSION = YES;
				CLANG_WARN_CONSTANT_CONVERSION = YES;
				CLANG_WARN_DIRECT_OBJC_ISA_USAGE = YES_ERROR;
				CLANG_WARN_DOCUMENTATION_COMMENTS = YES;
				CLANG_WARN_EMPTY_BODY = YES;
				CLANG_WARN_ENUM_CONVERSION = YES;
				CLANG_WARN_INFINITE_RECURSION = YES;
				CLANG_WARN_INT_CONVERSION = YES;
				CLANG_WARN_OBJC_ROOT_CLASS = YES_ERROR;
				CLANG_WARN_SUSPICIOUS_MOVE = YES;
				CLANG_WARN_UNREACHABLE_CODE = YES;
				CLANG_WARN__DUPLICATE_METHOD_MATCH = YES;
				"CODE_SIGN_IDENTITY[sdk=iphoneos*]" = "iPhone Developer";
				COPY_PHASE_STRIP = NO;
				DEBUG_INFORMATION_FORMAT = dwarf;
				ENABLE_STRICT_OBJC_MSGSEND = YES;
				ENABLE_TESTABILITY = YES;
				GCC_C_LANGUAGE_STANDARD = gnu99;
				GCC_DYNAMIC_NO_PIC = NO;
				GCC_NO_COMMON_BLOCKS = YES;
				GCC_OPTIMIZATION_LEVEL = 0;
				GCC_PREPROCESSOR_DEFINITIONS = (
					"DEBUG=1",
					"$(inherited)",
				);
				GCC_WARN_64_TO_32_BIT_CONVERSION = YES;
				GCC_WARN_ABOUT_RETURN_TYPE = YES_ERROR;
				GCC_WARN_UNDECLARED_SELECTOR = YES;
				GCC_WARN_UNINITIALIZED_AUTOS = YES_AGGRESSIVE;
				GCC_WARN_UNUSED_FUNCTION = YES;
				GCC_WARN_UNUSED_VARIABLE = YES;
				IPHONEOS_DEPLOYMENT_TARGET = 10.3;
				MTL_ENABLE_DEBUG_INFO = YES;
				ONLY_ACTIVE_ARCH = YES;
				SDKROOT = iphoneos;
				SWIFT_ACTIVE_COMPILATION_CONDITIONS = DEBUG;
				SWIFT_OPTIMIZATION_LEVEL = "-Onone";
			};
			name = Debug;
		};
		20452A4A1F5BB8DB0006AD78 /* Release */ = {
			isa = XCBuildConfiguration;
			buildSettings = {
				ALWAYS_SEARCH_USER_PATHS = NO;
				CLANG_ANALYZER_NONNULL = YES;
				CLANG_ANALYZER_NUMBER_OBJECT_CONVERSION = YES_AGGRESSIVE;
				CLANG_CXX_LANGUAGE_STANDARD = "gnu++0x";
				CLANG_CXX_LIBRARY = "libc++";
				CLANG_ENABLE_MODULES = YES;
				CLANG_ENABLE_OBJC_ARC = YES;
				CLANG_WARN_BOOL_CONVERSION = YES;
				CLANG_WARN_CONSTANT_CONVERSION = YES;
				CLANG_WARN_DIRECT_OBJC_ISA_USAGE = YES_ERROR;
				CLANG_WARN_DOCUMENTATION_COMMENTS = YES;
				CLANG_WARN_EMPTY_BODY = YES;
				CLANG_WARN_ENUM_CONVERSION = YES;
				CLANG_WARN_INFINITE_RECURSION = YES;
				CLANG_WARN_INT_CONVERSION = YES;
				CLANG_WARN_OBJC_ROOT_CLASS = YES_ERROR;
				CLANG_WARN_SUSPICIOUS_MOVE = YES;
				CLANG_WARN_UNREACHABLE_CODE = YES;
				CLANG_WARN__DUPLICATE_METHOD_MATCH = YES;
				"CODE_SIGN_IDENTITY[sdk=iphoneos*]" = "iPhone Developer";
				COPY_PHASE_STRIP = NO;
				DEBUG_INFORMATION_FORMAT = "dwarf-with-dsym";
				ENABLE_NS_ASSERTIONS = NO;
				ENABLE_STRICT_OBJC_MSGSEND = YES;
				GCC_C_LANGUAGE_STANDARD = gnu99;
				GCC_NO_COMMON_BLOCKS = YES;
				GCC_WARN_64_TO_32_BIT_CONVERSION = YES;
				GCC_WARN_ABOUT_RETURN_TYPE = YES_ERROR;
				GCC_WARN_UNDECLARED_SELECTOR = YES;
				GCC_WARN_UNINITIALIZED_AUTOS = YES_AGGRESSIVE;
				GCC_WARN_UNUSED_FUNCTION = YES;
				GCC_WARN_UNUSED_VARIABLE = YES;
				IPHONEOS_DEPLOYMENT_TARGET = 10.3;
				MTL_ENABLE_DEBUG_INFO = NO;
				SDKROOT = iphoneos;
				SWIFT_OPTIMIZATION_LEVEL = "-Owholemodule";
				VALIDATE_PRODUCT = YES;
			};
			name = Release;
		};
		20452A4C1F5BB8DB0006AD78 /* Debug */ = {
			isa = XCBuildConfiguration;
			baseConfigurationReference = 1C214E00CCB04DF8F3557553 /* Pods-ZwitterApp.debug.xcconfig */;
			buildSettings = {
				ASSETCATALOG_COMPILER_APPICON_NAME = AppIcon;
				INFOPLIST_FILE = ZwitterApp/Info.plist;
				LD_RUNPATH_SEARCH_PATHS = "$(inherited) @executable_path/Frameworks";
				PRODUCT_BUNDLE_IDENTIFIER = mesadkaya.ZwitterApp;
				PRODUCT_NAME = "$(TARGET_NAME)";
				SWIFT_VERSION = 3.0;
			};
			name = Debug;
		};
		20452A4D1F5BB8DB0006AD78 /* Release */ = {
			isa = XCBuildConfiguration;
			baseConfigurationReference = A9539BC9A1F74C05920CF115 /* Pods-ZwitterApp.release.xcconfig */;
			buildSettings = {
				ASSETCATALOG_COMPILER_APPICON_NAME = AppIcon;
				INFOPLIST_FILE = ZwitterApp/Info.plist;
				LD_RUNPATH_SEARCH_PATHS = "$(inherited) @executable_path/Frameworks";
				PRODUCT_BUNDLE_IDENTIFIER = mesadkaya.ZwitterApp;
				PRODUCT_NAME = "$(TARGET_NAME)";
				SWIFT_VERSION = 3.0;
			};
			name = Release;
		};
/* End XCBuildConfiguration section */

/* Begin XCConfigurationList section */
		20452A311F5BB8DB0006AD78 /* Build configuration list for PBXProject "ZwitterApp" */ = {
			isa = XCConfigurationList;
			buildConfigurations = (
				20452A491F5BB8DB0006AD78 /* Debug */,
				20452A4A1F5BB8DB0006AD78 /* Release */,
			);
			defaultConfigurationIsVisible = 0;
			defaultConfigurationName = Release;
		};
		20452A4B1F5BB8DB0006AD78 /* Build configuration list for PBXNativeTarget "ZwitterApp" */ = {
			isa = XCConfigurationList;
			buildConfigurations = (
				20452A4C1F5BB8DB0006AD78 /* Debug */,
				20452A4D1F5BB8DB0006AD78 /* Release */,
			);
			defaultConfigurationIsVisible = 0;
			defaultConfigurationName = Release;
		};
/* End XCConfigurationList section */

/* Begin XCVersionGroup section */
		20452A401F5BB8DB0006AD78 /* ZwitterApp.xcdatamodeld */ = {
			isa = XCVersionGroup;
			children = (
				20452A411F5BB8DB0006AD78 /* ZwitterApp.xcdatamodel */,
			);
			currentVersion = 20452A411F5BB8DB0006AD78 /* ZwitterApp.xcdatamodel */;
			path = ZwitterApp.xcdatamodeld;
			sourceTree = "<group>";
			versionGroupType = wrapper.xcdatamodel;
		};
/* End XCVersionGroup section */
	};
	rootObject = 20452A2E1F5BB8DB0006AD78 /* Project object */;
}
